
Microsoft Visual Studio Solution File, Format Version 12.00
# Visual Studio Version 17
VisualStudioVersion = 17.5.33502.453
MinimumVisualStudioVersion = 10.0.40219.1
Project("{2150E333-8FDC-42A3-9474-1A3956D46DE8}") = "Internal", "Internal", "{60B6B7BC-466D-4EFC-86A4-5D163EEBB9EE}"
	ProjectSection(SolutionItems) = preProject
		Internal\.editorconfig = Internal\.editorconfig
	EndProjectSection
EndProject
Project("{2150E333-8FDC-42A3-9474-1A3956D46DE8}") = "Scripts", "Scripts", "{B51D0C79-D790-4F88-9D70-68D9A4E2EEB9}"
EndProject
Project("{2150E333-8FDC-42A3-9474-1A3956D46DE8}") = "Dlls", "Dlls", "{3450A697-ACE2-4B54-B6D6-8837712B6C61}"
	ProjectSection(SolutionItems) = preProject
		Dlls\ABOUT.md = Dlls\ABOUT.md
	EndProjectSection
EndProject
Project("{2150E333-8FDC-42A3-9474-1A3956D46DE8}") = "CompanionFiles", "CompanionFiles", "{EC2399B5-F572-46F9-865E-3DCF476F95DB}"
EndProject
Project("{2150E333-8FDC-42A3-9474-1A3956D46DE8}") = "Skyline DataMiner", "Skyline DataMiner", "{A632166E-2D7B-4646-BE56-F806F1DF473D}"
	ProjectSection(SolutionItems) = preProject
		CompanionFiles\Skyline DataMiner\AboutThisFolder.md = CompanionFiles\Skyline DataMiner\AboutThisFolder.md
	EndProjectSection
EndProject
Project("{2150E333-8FDC-42A3-9474-1A3956D46DE8}") = "Documentation", "Documentation", "{CC63BD56-53AA-4016-86A9-6D4C479B37AD}"
	ProjectSection(SolutionItems) = preProject
		Documentation\ABOUT.md = Documentation\ABOUT.md
		README.md = README.md
	EndProjectSection
EndProject
Project("{2150E333-8FDC-42A3-9474-1A3956D46DE8}") = "Tests", "Tests", "{F8938D60-51A0-4880-9CFC-19C66379BB5D}"
EndProject
Project("{2150E333-8FDC-42A3-9474-1A3956D46DE8}") = "Code Analysis", "Code Analysis", "{654F5AD7-25BE-42B2-A3CB-C2EFDC15E174}"
	ProjectSection(SolutionItems) = preProject
		Internal\Code Analysis\qaction-debug.ruleset = Internal\Code Analysis\qaction-debug.ruleset
		Internal\Code Analysis\qaction-release.ruleset = Internal\Code Analysis\qaction-release.ruleset
		Internal\Code Analysis\stylecop.json = Internal\Code Analysis\stylecop.json
	EndProjectSection
EndProject
Project("{2150E333-8FDC-42A3-9474-1A3956D46DE8}") = "GetDestinationServicesNimbra", "GetDestinationServicesNimbra", "{24E6A5B5-ABC4-42A2-93A9-B125516D6C11}"
	ProjectSection(SolutionItems) = preProject
		GetDestinationServicesNimbra.xml = GetDestinationServicesNimbra.xml
	EndProjectSection
EndProject
Project("{2150E333-8FDC-42A3-9474-1A3956D46DE8}") = "Actions", "Actions", "{38D844AC-DB28-445F-9896-71363CA9C5E6}"
EndProject
Project("{9A19103F-16F7-4668-BE54-9A1E7A4F7556}") = "GetDestinationServicesNimbra_1", "GetDestinationServicesNimbra_1\GetDestinationServicesNimbra_1.csproj", "{F309AEE2-877C-46AF-BFBE-9B544600F0C5}"
EndProject
Global
	GlobalSection(SolutionConfigurationPlatforms) = preSolution
		Debug|Any CPU = Debug|Any CPU
		Release|Any CPU = Release|Any CPU
	EndGlobalSection
	GlobalSection(ProjectConfigurationPlatforms) = postSolution
		{F309AEE2-877C-46AF-BFBE-9B544600F0C5}.Debug|Any CPU.ActiveCfg = Debug|Any CPU
		{F309AEE2-877C-46AF-BFBE-9B544600F0C5}.Debug|Any CPU.Build.0 = Debug|Any CPU
		{F309AEE2-877C-46AF-BFBE-9B544600F0C5}.Release|Any CPU.ActiveCfg = Release|Any CPU
		{F309AEE2-877C-46AF-BFBE-9B544600F0C5}.Release|Any CPU.Build.0 = Release|Any CPU
	EndGlobalSection
	GlobalSection(SolutionProperties) = preSolution
		HideSolutionNode = FALSE
	EndGlobalSection
	GlobalSection(NestedProjects) = preSolution
		{A632166E-2D7B-4646-BE56-F806F1DF473D} = {EC2399B5-F572-46F9-865E-3DCF476F95DB}
		{654F5AD7-25BE-42B2-A3CB-C2EFDC15E174} = {60B6B7BC-466D-4EFC-86A4-5D163EEBB9EE}
		{24E6A5B5-ABC4-42A2-93A9-B125516D6C11} = {B51D0C79-D790-4F88-9D70-68D9A4E2EEB9}
		{38D844AC-DB28-445F-9896-71363CA9C5E6} = {24E6A5B5-ABC4-42A2-93A9-B125516D6C11}
		{F309AEE2-877C-46AF-BFBE-9B544600F0C5} = {38D844AC-DB28-445F-9896-71363CA9C5E6}
	EndGlobalSection
	GlobalSection(ExtensibilityGlobals) = postSolution
		SolutionGuid = {520DECA0-2B56-4064-8109-2681B9D129EE}
	EndGlobalSection
EndGlobal
